// !$*UTF8*$!
{
	archiveVersion = 1;
	classes = {
	};
	objectVersion = 55;
	objects = {

/* Begin PBXBuildFile section */
		50423295282AD7E7008289F5 /* timerApp.swift in Sources */ = {isa = PBXBuildFile; fileRef = 50423294282AD7E7008289F5 /* timerApp.swift */; };
		50423297282AD7E7008289F5 /* ContentView.swift in Sources */ = {isa = PBXBuildFile; fileRef = 50423296282AD7E7008289F5 /* ContentView.swift */; };
		50423299282AD7E9008289F5 /* Assets.xcassets in Resources */ = {isa = PBXBuildFile; fileRef = 50423298282AD7E9008289F5 /* Assets.xcassets */; };
		5042329C282AD7E9008289F5 /* Preview Assets.xcassets in Resources */ = {isa = PBXBuildFile; fileRef = 5042329B282AD7E9008289F5 /* Preview Assets.xcassets */; };
		504232A6282AD945008289F5 /* TimerView.swift in Sources */ = {isa = PBXBuildFile; fileRef = 504232A5282AD945008289F5 /* TimerView.swift */; };
		504232A8282AD951008289F5 /* TimerViewModel.swift in Sources */ = {isa = PBXBuildFile; fileRef = 504232A7282AD951008289F5 /* TimerViewModel.swift */; };
		504232AC282ADA3F008289F5 /* HourView.swift in Sources */ = {isa = PBXBuildFile; fileRef = 504232AB282ADA3F008289F5 /* HourView.swift */; };
		504232B0282ADD56008289F5 /* TimezoneView.swift in Sources */ = {isa = PBXBuildFile; fileRef = 504232AF282ADD56008289F5 /* TimezoneView.swift */; };
		504232B2282ADD65008289F5 /* TimezoneViewModel.swift in Sources */ = {isa = PBXBuildFile; fileRef = 504232B1282ADD65008289F5 /* TimezoneViewModel.swift */; };
		5092E965282C523100A820F0 /* HourViewModel.swift in Sources */ = {isa = PBXBuildFile; fileRef = 5092E964282C523100A820F0 /* HourViewModel.swift */; };
/* End PBXBuildFile section */

/* Begin PBXFileReference section */
		50423291282AD7E7008289F5 /* timer.app */ = {isa = PBXFileReference; explicitFileType = wrapper.application; includeInIndex = 0; path = timer.app; sourceTree = BUILT_PRODUCTS_DIR; };
		50423294282AD7E7008289F5 /* timerApp.swift */ = {isa = PBXFileReference; lastKnownFileType = sourcecode.swift; path = timerApp.swift; sourceTree = "<group>"; };
		50423296282AD7E7008289F5 /* ContentView.swift */ = {isa = PBXFileReference; lastKnownFileType = sourcecode.swift; path = ContentView.swift; sourceTree = "<group>"; };
		50423298282AD7E9008289F5 /* Assets.xcassets */ = {isa = PBXFileReference; lastKnownFileType = folder.assetcatalog; path = Assets.xcassets; sourceTree = "<group>"; };
		5042329B282AD7E9008289F5 /* Preview Assets.xcassets */ = {isa = PBXFileReference; lastKnownFileType = folder.assetcatalog; path = "Preview Assets.xcassets"; sourceTree = "<group>"; };
		504232A5282AD945008289F5 /* TimerView.swift */ = {isa = PBXFileReference; lastKnownFileType = sourcecode.swift; path = TimerView.swift; sourceTree = "<group>"; };
		504232A7282AD951008289F5 /* TimerViewModel.swift */ = {isa = PBXFileReference; lastKnownFileType = sourcecode.swift; path = TimerViewModel.swift; sourceTree = "<group>"; };
		504232AB282ADA3F008289F5 /* HourView.swift */ = {isa = PBXFileReference; lastKnownFileType = sourcecode.swift; path = HourView.swift; sourceTree = "<group>"; };
		504232AF282ADD56008289F5 /* TimezoneView.swift */ = {isa = PBXFileReference; lastKnownFileType = sourcecode.swift; path = TimezoneView.swift; sourceTree = "<group>"; };
		504232B1282ADD65008289F5 /* TimezoneViewModel.swift */ = {isa = PBXFileReference; lastKnownFileType = sourcecode.swift; path = TimezoneViewModel.swift; sourceTree = "<group>"; };
		5092E964282C523100A820F0 /* HourViewModel.swift */ = {isa = PBXFileReference; lastKnownFileType = sourcecode.swift; path = HourViewModel.swift; sourceTree = "<group>"; };
/* End PBXFileReference section */

/* Begin PBXFrameworksBuildPhase section */
		5042328E282AD7E7008289F5 /* Frameworks */ = {
			isa = PBXFrameworksBuildPhase;
			buildActionMask = 2147483647;
			files = (
			);
			runOnlyForDeploymentPostprocessing = 0;
		};
/* End PBXFrameworksBuildPhase section */

/* Begin PBXGroup section */
		50423288282AD7E7008289F5 = {
			isa = PBXGroup;
			children = (
				50423293282AD7E7008289F5 /* timer */,
				50423292282AD7E7008289F5 /* Products */,
			);
			sourceTree = "<group>";
		};
		50423292282AD7E7008289F5 /* Products */ = {
			isa = PBXGroup;
			children = (
				50423291282AD7E7008289F5 /* timer.app */,
			);
			name = Products;
			sourceTree = "<group>";
		};
		50423293282AD7E7008289F5 /* timer */ = {
			isa = PBXGroup;
			children = (
				504232AD282ADCFE008289F5 /* Model */,
				504232A9282AD959008289F5 /* System */,
				504232A2282AD91B008289F5 /* View */,
				50423298282AD7E9008289F5 /* Assets.xcassets */,
				5042329A282AD7E9008289F5 /* Preview Content */,
			);
			path = timer;
			sourceTree = "<group>";
		};
		5042329A282AD7E9008289F5 /* Preview Content */ = {
			isa = PBXGroup;
			children = (
				5042329B282AD7E9008289F5 /* Preview Assets.xcassets */,
			);
			path = "Preview Content";
			sourceTree = "<group>";
		};
		504232A2282AD91B008289F5 /* View */ = {
			isa = PBXGroup;
			children = (
				50423296282AD7E7008289F5 /* ContentView.swift */,
				504232AA282ADA23008289F5 /* Hour */,
				504232A3282AD931008289F5 /* Timer */,
				504232AE282ADD17008289F5 /* Timezone */,
			);
			path = View;
			sourceTree = "<group>";
		};
		504232A3282AD931008289F5 /* Timer */ = {
			isa = PBXGroup;
			children = (
				504232A5282AD945008289F5 /* TimerView.swift */,
				504232A7282AD951008289F5 /* TimerViewModel.swift */,
			);
			path = Timer;
			sourceTree = "<group>";
		};
		504232A9282AD959008289F5 /* System */ = {
			isa = PBXGroup;
			children = (
				50423294282AD7E7008289F5 /* timerApp.swift */,
			);
			path = System;
			sourceTree = "<group>";
		};
		504232AA282ADA23008289F5 /* Hour */ = {
			isa = PBXGroup;
			children = (
				504232AB282ADA3F008289F5 /* HourView.swift */,
				5092E964282C523100A820F0 /* HourViewModel.swift */,
			);
			path = Hour;
			sourceTree = "<group>";
		};
		504232AD282ADCFE008289F5 /* Model */ = {
			isa = PBXGroup;
			children = (
			);
			path = Model;
			sourceTree = "<group>";
		};
		504232AE282ADD17008289F5 /* Timezone */ = {
			isa = PBXGroup;
			children = (
				504232AF282ADD56008289F5 /* TimezoneView.swift */,
				504232B1282ADD65008289F5 /* TimezoneViewModel.swift */,
			);
			path = Timezone;
			sourceTree = "<group>";
		};
/* End PBXGroup section */

/* Begin PBXNativeTarget section */
		50423290282AD7E7008289F5 /* timer */ = {
			isa = PBXNativeTarget;
			buildConfigurationList = 5042329F282AD7E9008289F5 /* Build configuration list for PBXNativeTarget "timer" */;
			buildPhases = (
				5042328D282AD7E7008289F5 /* Sources */,
				5042328E282AD7E7008289F5 /* Frameworks */,
				5042328F282AD7E7008289F5 /* Resources */,
			);
			buildRules = (
			);
			dependencies = (
			);
			name = timer;
			productName = timer;
			productReference = 50423291282AD7E7008289F5 /* timer.app */;
			productType = "com.apple.product-type.application";
		};
/* End PBXNativeTarget section */

/* Begin PBXProject section */
		50423289282AD7E7008289F5 /* Project object */ = {
			isa = PBXProject;
			attributes = {
				BuildIndependentTargetsInParallel = 1;
				LastSwiftUpdateCheck = 1330;
				LastUpgradeCheck = 1330;
				TargetAttributes = {
					50423290282AD7E7008289F5 = {
						CreatedOnToolsVersion = 13.3.1;
					};
				};
			};
			buildConfigurationList = 5042328C282AD7E7008289F5 /* Build configuration list for PBXProject "timer" */;
			compatibilityVersion = "Xcode 13.0";
			developmentRegion = en;
			hasScannedForEncodings = 0;
			knownRegions = (
				en,
				Base,
			);
			mainGroup = 50423288282AD7E7008289F5;
			productRefGroup = 50423292282AD7E7008289F5 /* Products */;
			projectDirPath = "";
			projectRoot = "";
			targets = (
				50423290282AD7E7008289F5 /* timer */,
			);
		};
/* End PBXProject section */

/* Begin PBXResourcesBuildPhase section */
		5042328F282AD7E7008289F5 /* Resources */ = {
			isa = PBXResourcesBuildPhase;
			buildActionMask = 2147483647;
			files = (
				5042329C282AD7E9008289F5 /* Preview Assets.xcassets in Resources */,
				50423299282AD7E9008289F5 /* Assets.xcassets in Resources */,
			);
			runOnlyForDeploymentPostprocessing = 0;
		};
/* End PBXResourcesBuildPhase section */

/* Begin PBXSourcesBuildPhase section */
		5042328D282AD7E7008289F5 /* Sources */ = {
			isa = PBXSourcesBuildPhase;
			buildActionMask = 2147483647;
			files = (
				5092E965282C523100A820F0 /* HourViewModel.swift in Sources */,
				504232A8282AD951008289F5 /* TimerViewModel.swift in Sources */,
				504232B2282ADD65008289F5 /* TimezoneViewModel.swift in Sources */,
				504232B0282ADD56008289F5 /* TimezoneView.swift in Sources */,
				504232A6282AD945008289F5 /* TimerView.swift in Sources */,
				50423297282AD7E7008289F5 /* ContentView.swift in Sources */,
				50423295282AD7E7008289F5 /* timerApp.swift in Sources */,
				504232AC282ADA3F008289F5 /* HourView.swift in Sources */,
			);
			runOnlyForDeploymentPostprocessing = 0;
		};
/* End PBXSourcesBuildPhase section */

/* Begin XCBuildConfiguration section */
		5042329D282AD7E9008289F5 /* Debug */ = {
			isa = XCBuildConfiguration;
			buildSettings = {
				ALWAYS_SEARCH_USER_PATHS = NO;
				CLANG_ANALYZER_NONNULL = YES;
				CLANG_ANALYZER_NUMBER_OBJECT_CONVERSION = YES_AGGRESSIVE;
				CLANG_CXX_LANGUAGE_STANDARD = "gnu++17";
				CLANG_ENABLE_MODULES = YES;
				CLANG_ENABLE_OBJC_ARC = YES;
				CLANG_ENABLE_OBJC_WEAK = YES;
				CLANG_WARN_BLOCK_CAPTURE_AUTORELEASING = YES;
				CLANG_WARN_BOOL_CONVERSION = YES;
				CLANG_WARN_COMMA = YES;
				CLANG_WARN_CONSTANT_CONVERSION = YES;
				CLANG_WARN_DEPRECATED_OBJC_IMPLEMENTATIONS = YES;
				CLANG_WARN_DIRECT_OBJC_ISA_USAGE = YES_ERROR;
				CLANG_WARN_DOCUMENTATION_COMMENTS = YES;
				CLANG_WARN_EMPTY_BODY = YES;
				CLANG_WARN_ENUM_CONVERSION = YES;
				CLANG_WARN_INFINITE_RECURSION = YES;
				CLANG_WARN_INT_CONVERSION = YES;
				CLANG_WARN_NON_LITERAL_NULL_CONVERSION = YES;
				CLANG_WARN_OBJC_IMPLICIT_RETAIN_SELF = YES;
				CLANG_WARN_OBJC_LITERAL_CONVERSION = YES;
				CLANG_WARN_OBJC_ROOT_CLASS = YES_ERROR;
				CLANG_WARN_QUOTED_INCLUDE_IN_FRAMEWORK_HEADER = YES;
				CLANG_WARN_RANGE_LOOP_ANALYSIS = YES;
				CLANG_WARN_STRICT_PROTOTYPES = YES;
				CLANG_WARN_SUSPICIOUS_MOVE = YES;
				CLANG_WARN_UNGUARDED_AVAILABILITY = YES_AGGRESSIVE;
				CLANG_WARN_UNREACHABLE_CODE = YES;
				CLANG_WARN__DUPLICATE_METHOD_MATCH = YES;
				COPY_PHASE_STRIP = NO;
				DEBUG_INFORMATION_FORMAT = dwarf;
				ENABLE_STRICT_OBJC_MSGSEND = YES;
				ENABLE_TESTABILITY = YES;
				GCC_C_LANGUAGE_STANDARD = gnu11;
				GCC_DYNAMIC_NO_PIC = NO;
				GCC_NO_COMMON_BLOCKS = YES;
				GCC_OPTIMIZATION_LEVEL = 0;
				GCC_PREPROCESSOR_DEFINITIONS = (
					"DEBUG=1",
					"$(inherited)",
				);
				GCC_WARN_64_TO_32_BIT_CONVERSION = YES;
				GCC_WARN_ABOUT_RETURN_TYPE = YES_ERROR;
				GCC_WARN_UNDECLARED_SELECTOR = YES;
				GCC_WARN_UNINITIALIZED_AUTOS = YES_AGGRESSIVE;
				GCC_WARN_UNUSED_FUNCTION = YES;
				GCC_WARN_UNUSED_VARIABLE = YES;
				MTL_ENABLE_DEBUG_INFO = INCLUDE_SOURCE;
				MTL_FAST_MATH = YES;
				ONLY_ACTIVE_ARCH = YES;
				SDKROOT = appletvos;
				SWIFT_ACTIVE_COMPILATION_CONDITIONS = DEBUG;
				SWIFT_OPTIMIZATION_LEVEL = "-Onone";
				TVOS_DEPLOYMENT_TARGET = 15.4;
			};
			name = Debug;
		};
		5042329E282AD7E9008289F5 /* Release */ = {
			isa = XCBuildConfiguration;
			buildSettings = {
				ALWAYS_SEARCH_USER_PATHS = NO;
				CLANG_ANALYZER_NONNULL = YES;
				CLANG_ANALYZER_NUMBER_OBJECT_CONVERSION = YES_AGGRESSIVE;
				CLANG_CXX_LANGUAGE_STANDARD = "gnu++17";
				CLANG_ENABLE_MODULES = YES;
				CLANG_ENABLE_OBJC_ARC = YES;
				CLANG_ENABLE_OBJC_WEAK = YES;
				CLANG_WARN_BLOCK_CAPTURE_AUTORELEASING = YES;
				CLANG_WARN_BOOL_CONVERSION = YES;
				CLANG_WARN_COMMA = YES;
				CLANG_WARN_CONSTANT_CONVERSION = YES;
				CLANG_WARN_DEPRECATED_OBJC_IMPLEMENTATIONS = YES;
				CLANG_WARN_DIRECT_OBJC_ISA_USAGE = YES_ERROR;
				CLANG_WARN_DOCUMENTATION_COMMENTS = YES;
				CLANG_WARN_EMPTY_BODY = YES;
				CLANG_WARN_ENUM_CONVERSION = YES;
				CLANG_WARN_INFINITE_RECURSION = YES;
				CLANG_WARN_INT_CONVERSION = YES;
				CLANG_WARN_NON_LITERAL_NULL_CONVERSION = YES;
				CLANG_WARN_OBJC_IMPLICIT_RETAIN_SELF = YES;
				CLANG_WARN_OBJC_LITERAL_CONVERSION = YES;
				CLANG_WARN_OBJC_ROOT_CLASS = YES_ERROR;
				CLANG_WARN_QUOTED_INCLUDE_IN_FRAMEWORK_HEADER = YES;
				CLANG_WARN_RANGE_LOOP_ANALYSIS = YES;
				CLANG_WARN_STRICT_PROTOTYPES = YES;
				CLANG_WARN_SUSPICIOUS_MOVE = YES;
				CLANG_WARN_UNGUARDED_AVAILABILITY = YES_AGGRESSIVE;
				CLANG_WARN_UNREACHABLE_CODE = YES;
				CLANG_WARN__DUPLICATE_METHOD_MATCH = YES;
				COPY_PHASE_STRIP = NO;
				DEBUG_INFORMATION_FORMAT = "dwarf-with-dsym";
				ENABLE_NS_ASSERTIONS = NO;
				ENABLE_STRICT_OBJC_MSGSEND = YES;
				GCC_C_LANGUAGE_STANDARD = gnu11;
				GCC_NO_COMMON_BLOCKS = YES;
				GCC_WARN_64_TO_32_BIT_CONVERSION = YES;
				GCC_WARN_ABOUT_RETURN_TYPE = YES_ERROR;
				GCC_WARN_UNDECLARED_SELECTOR = YES;
				GCC_WARN_UNINITIALIZED_AUTOS = YES_AGGRESSIVE;
				GCC_WARN_UNUSED_FUNCTION = YES;
				GCC_WARN_UNUSED_VARIABLE = YES;
				MTL_ENABLE_DEBUG_INFO = NO;
				MTL_FAST_MATH = YES;
				SDKROOT = appletvos;
				SWIFT_COMPILATION_MODE = wholemodule;
				SWIFT_OPTIMIZATION_LEVEL = "-O";
				TVOS_DEPLOYMENT_TARGET = 15.4;
				VALIDATE_PRODUCT = YES;
			};
			name = Release;
		};
		504232A0282AD7E9008289F5 /* Debug */ = {
			isa = XCBuildConfiguration;
			buildSettings = {
				ASSETCATALOG_COMPILER_APPICON_NAME = "App Icon & Top Shelf Image";
				ASSETCATALOG_COMPILER_GLOBAL_ACCENT_COLOR_NAME = AccentColor;
				CODE_SIGN_STYLE = Automatic;
				CURRENT_PROJECT_VERSION = 1;
				DEVELOPMENT_ASSET_PATHS = "\"timer/Preview Content\"";
				DEVELOPMENT_TEAM = 22298649MR;
				ENABLE_PREVIEWS = YES;
				GENERATE_INFOPLIST_FILE = YES;
				INFOPLIST_KEY_UILaunchScreen_Generation = YES;
				INFOPLIST_KEY_UIUserInterfaceStyle = Automatic;
				LD_RUNPATH_SEARCH_PATHS = (
					"$(inherited)",
					"@executable_path/Frameworks",
				);
				MARKETING_VERSION = 1.0;
				PRODUCT_BUNDLE_IDENTIFIER = com.tvOS.timer.timer;
				PRODUCT_NAME = "$(TARGET_NAME)";
				SWIFT_EMIT_LOC_STRINGS = YES;
				SWIFT_VERSION = 5.0;
				TARGETED_DEVICE_FAMILY = 3;
			};
			name = Debug;
		};
		504232A1282AD7E9008289F5 /* Release */ = {
			isa = XCBuildConfiguration;
			buildSettings = {
				ASSETCATALOG_COMPILER_APPICON_NAME = "App Icon & Top Shelf Image";
				ASSETCATALOG_COMPILER_GLOBAL_ACCENT_COLOR_NAME = AccentColor;
				CODE_SIGN_STYLE = Automatic;
				CURRENT_PROJECT_VERSION = 1;
				DEVELOPMENT_ASSET_PATHS = "\"timer/Preview Content\"";
				DEVELOPMENT_TEAM = 22298649MR;
				ENABLE_PREVIEWS = YES;
				GENERATE_INFOPLIST_FILE = YES;
				INFOPLIST_KEY_UILaunchScreen_Generation = YES;
				INFOPLIST_KEY_UIUserInterfaceStyle = Automatic;
				LD_RUNPATH_SEARCH_PATHS = (
					"$(inherited)",
					"@executable_path/Frameworks",
				);
				MARKETING_VERSION = 1.0;
				PRODUCT_BUNDLE_IDENTIFIER = com.tvOS.timer.timer;
				PRODUCT_NAME = "$(TARGET_NAME)";
				SWIFT_EMIT_LOC_STRINGS = YES;
				SWIFT_VERSION = 5.0;
				TARGETED_DEVICE_FAMILY = 3;
			};
			name = Release;
		};
/* End XCBuildConfiguration section */

/* Begin XCConfigurationList section */
		5042328C282AD7E7008289F5 /* Build configuration list for PBXProject "timer" */ = {
			isa = XCConfigurationList;
			buildConfigurations = (
				5042329D282AD7E9008289F5 /* Debug */,
				5042329E282AD7E9008289F5 /* Release */,
			);
			defaultConfigurationIsVisible = 0;
			defaultConfigurationName = Release;
		};
		5042329F282AD7E9008289F5 /* Build configuration list for PBXNativeTarget "timer" */ = {
			isa = XCConfigurationList;
			buildConfigurations = (
				504232A0282AD7E9008289F5 /* Debug */,
				504232A1282AD7E9008289F5 /* Release */,
			);
			defaultConfigurationIsVisible = 0;
			defaultConfigurationName = Release;
		};
/* End XCConfigurationList section */
	};
	rootObject = 50423289282AD7E7008289F5 /* Project object */;
}
